// !$*UTF8*$!
{
	archiveVersion = 1;
	classes = {
	};
	objectVersion = 46;
	objects = {

/* Begin PBXBuildFile section */
		D26F6D351E6938F900300E1C /* main.m in Sources */ = {isa = PBXBuildFile; fileRef = D26F6D341E6938F900300E1C /* main.m */; };
		D26F6D381E6938F900300E1C /* AppDelegate.m in Sources */ = {isa = PBXBuildFile; fileRef = D26F6D371E6938F900300E1C /* AppDelegate.m */; };
		D26F6D3B1E6938F900300E1C /* ViewController.m in Sources */ = {isa = PBXBuildFile; fileRef = D26F6D3A1E6938F900300E1C /* ViewController.m */; };
		D26F6D3E1E6938F900300E1C /* Main.storyboard in Resources */ = {isa = PBXBuildFile; fileRef = D26F6D3C1E6938F900300E1C /* Main.storyboard */; };
		D26F6D401E6938F900300E1C /* Assets.xcassets in Resources */ = {isa = PBXBuildFile; fileRef = D26F6D3F1E6938F900300E1C /* Assets.xcassets */; };
		D26F6D431E6938F900300E1C /* LaunchScreen.storyboard in Resources */ = {isa = PBXBuildFile; fileRef = D26F6D411E6938F900300E1C /* LaunchScreen.storyboard */; };
		D26F6D4E1E6938F900300E1C /* NXSendEmailTests.m in Sources */ = {isa = PBXBuildFile; fileRef = D26F6D4D1E6938F900300E1C /* NXSendEmailTests.m */; };
		D26F6D591E6938F900300E1C /* NXSendEmailUITests.m in Sources */ = {isa = PBXBuildFile; fileRef = D26F6D581E6938F900300E1C /* NXSendEmailUITests.m */; };
		D26F6D671E693C0600300E1C /* test.pdf in Resources */ = {isa = PBXBuildFile; fileRef = D26F6D661E693C0500300E1C /* test.pdf */; };
/* End PBXBuildFile section */

/* Begin PBXContainerItemProxy section */
		D26F6D4A1E6938F900300E1C /* PBXContainerItemProxy */ = {
			isa = PBXContainerItemProxy;
			containerPortal = D26F6D281E6938F900300E1C /* Project object */;
			proxyType = 1;
			remoteGlobalIDString = D26F6D2F1E6938F900300E1C;
			remoteInfo = NXSendEmail;
		};
		D26F6D551E6938F900300E1C /* PBXContainerItemProxy */ = {
			isa = PBXContainerItemProxy;
			containerPortal = D26F6D281E6938F900300E1C /* Project object */;
			proxyType = 1;
			remoteGlobalIDString = D26F6D2F1E6938F900300E1C;
			remoteInfo = NXSendEmail;
		};
/* End PBXContainerItemProxy section */

/* Begin PBXFileReference section */
		D26F6D301E6938F900300E1C /* NXSendEmail.app */ = {isa = PBXFileReference; explicitFileType = wrapper.application; includeInIndex = 0; path = NXSendEmail.app; sourceTree = BUILT_PRODUCTS_DIR; };
		D26F6D341E6938F900300E1C /* main.m */ = {isa = PBXFileReference; lastKnownFileType = sourcecode.c.objc; path = main.m; sourceTree = "<group>"; };
		D26F6D361E6938F900300E1C /* AppDelegate.h */ = {isa = PBXFileReference; lastKnownFileType = sourcecode.c.h; path = AppDelegate.h; sourceTree = "<group>"; };
		D26F6D371E6938F900300E1C /* AppDelegate.m */ = {isa = PBXFileReference; lastKnownFileType = sourcecode.c.objc; path = AppDelegate.m; sourceTree = "<group>"; };
		D26F6D391E6938F900300E1C /* ViewController.h */ = {isa = PBXFileReference; lastKnownFileType = sourcecode.c.h; path = ViewController.h; sourceTree = "<group>"; };
		D26F6D3A1E6938F900300E1C /* ViewController.m */ = {isa = PBXFileReference; lastKnownFileType = sourcecode.c.objc; path = ViewController.m; sourceTree = "<group>"; };
		D26F6D3D1E6938F900300E1C /* Base */ = {isa = PBXFileReference; lastKnownFileType = file.storyboard; name = Base; path = Base.lproj/Main.storyboard; sourceTree = "<group>"; };
		D26F6D3F1E6938F900300E1C /* Assets.xcassets */ = {isa = PBXFileReference; lastKnownFileType = folder.assetcatalog; path = Assets.xcassets; sourceTree = "<group>"; };
		D26F6D421E6938F900300E1C /* Base */ = {isa = PBXFileReference; lastKnownFileType = file.storyboard; name = Base; path = Base.lproj/LaunchScreen.storyboard; sourceTree = "<group>"; };
		D26F6D441E6938F900300E1C /* Info.plist */ = {isa = PBXFileReference; lastKnownFileType = text.plist.xml; path = Info.plist; sourceTree = "<group>"; };
		D26F6D491E6938F900300E1C /* NXSendEmailTests.xctest */ = {isa = PBXFileReference; explicitFileType = wrapper.cfbundle; includeInIndex = 0; path = NXSendEmailTests.xctest; sourceTree = BUILT_PRODUCTS_DIR; };
		D26F6D4D1E6938F900300E1C /* NXSendEmailTests.m */ = {isa = PBXFileReference; lastKnownFileType = sourcecode.c.objc; path = NXSendEmailTests.m; sourceTree = "<group>"; };
		D26F6D4F1E6938F900300E1C /* Info.plist */ = {isa = PBXFileReference; lastKnownFileType = text.plist.xml; path = Info.plist; sourceTree = "<group>"; };
		D26F6D541E6938F900300E1C /* NXSendEmailUITests.xctest */ = {isa = PBXFileReference; explicitFileType = wrapper.cfbundle; includeInIndex = 0; path = NXSendEmailUITests.xctest; sourceTree = BUILT_PRODUCTS_DIR; };
		D26F6D581E6938F900300E1C /* NXSendEmailUITests.m */ = {isa = PBXFileReference; lastKnownFileType = sourcecode.c.objc; path = NXSendEmailUITests.m; sourceTree = "<group>"; };
		D26F6D5A1E6938F900300E1C /* Info.plist */ = {isa = PBXFileReference; lastKnownFileType = text.plist.xml; path = Info.plist; sourceTree = "<group>"; };
		D26F6D661E693C0500300E1C /* test.pdf */ = {isa = PBXFileReference; lastKnownFileType = image.pdf; path = test.pdf; sourceTree = "<group>"; };
/* End PBXFileReference section */

/* Begin PBXFrameworksBuildPhase section */
		D26F6D2D1E6938F900300E1C /* Frameworks */ = {
			isa = PBXFrameworksBuildPhase;
			buildActionMask = 2147483647;
			files = (
			);
			runOnlyForDeploymentPostprocessing = 0;
		};
		D26F6D461E6938F900300E1C /* Frameworks */ = {
			isa = PBXFrameworksBuildPhase;
			buildActionMask = 2147483647;
			files = (
			);
			runOnlyForDeploymentPostprocessing = 0;
		};
		D26F6D511E6938F900300E1C /* Frameworks */ = {
			isa = PBXFrameworksBuildPhase;
			buildActionMask = 2147483647;
			files = (
			);
			runOnlyForDeploymentPostprocessing = 0;
		};
/* End PBXFrameworksBuildPhase section */

/* Begin PBXGroup section */
		D26F6D271E6938F900300E1C = {
			isa = PBXGroup;
			children = (
				D26F6D321E6938F900300E1C /* NXSendEmail */,
				D26F6D4C1E6938F900300E1C /* NXSendEmailTests */,
				D26F6D571E6938F900300E1C /* NXSendEmailUITests */,
				D26F6D311E6938F900300E1C /* Products */,
			);
			sourceTree = "<group>";
		};
		D26F6D311E6938F900300E1C /* Products */ = {
			isa = PBXGroup;
			children = (
				D26F6D301E6938F900300E1C /* NXSendEmail.app */,
				D26F6D491E6938F900300E1C /* NXSendEmailTests.xctest */,
				D26F6D541E6938F900300E1C /* NXSendEmailUITests.xctest */,
			);
			name = Products;
			sourceTree = "<group>";
		};
		D26F6D321E6938F900300E1C /* NXSendEmail */ = {
			isa = PBXGroup;
			children = (
				D26F6D361E6938F900300E1C /* AppDelegate.h */,
				D26F6D371E6938F900300E1C /* AppDelegate.m */,
				D26F6D391E6938F900300E1C /* ViewController.h */,
				D26F6D3A1E6938F900300E1C /* ViewController.m */,
				D26F6D3C1E6938F900300E1C /* Main.storyboard */,
				D26F6D3F1E6938F900300E1C /* Assets.xcassets */,
				D26F6D411E6938F900300E1C /* LaunchScreen.storyboard */,
				D26F6D441E6938F900300E1C /* Info.plist */,
				D26F6D331E6938F900300E1C /* Supporting Files */,
			);
			path = NXSendEmail;
			sourceTree = "<group>";
		};
		D26F6D331E6938F900300E1C /* Supporting Files */ = {
			isa = PBXGroup;
			children = (
				D26F6D661E693C0500300E1C /* test.pdf */,
				D26F6D341E6938F900300E1C /* main.m */,
			);
			name = "Supporting Files";
			sourceTree = "<group>";
		};
		D26F6D4C1E6938F900300E1C /* NXSendEmailTests */ = {
			isa = PBXGroup;
			children = (
				D26F6D4D1E6938F900300E1C /* NXSendEmailTests.m */,
				D26F6D4F1E6938F900300E1C /* Info.plist */,
			);
			path = NXSendEmailTests;
			sourceTree = "<group>";
		};
		D26F6D571E6938F900300E1C /* NXSendEmailUITests */ = {
			isa = PBXGroup;
			children = (
				D26F6D581E6938F900300E1C /* NXSendEmailUITests.m */,
				D26F6D5A1E6938F900300E1C /* Info.plist */,
			);
			path = NXSendEmailUITests;
			sourceTree = "<group>";
		};
/* End PBXGroup section */

/* Begin PBXNativeTarget section */
		D26F6D2F1E6938F900300E1C /* NXSendEmail */ = {
			isa = PBXNativeTarget;
			buildConfigurationList = D26F6D5D1E6938F900300E1C /* Build configuration list for PBXNativeTarget "NXSendEmail" */;
			buildPhases = (
				D26F6D2C1E6938F900300E1C /* Sources */,
				D26F6D2D1E6938F900300E1C /* Frameworks */,
				D26F6D2E1E6938F900300E1C /* Resources */,
			);
			buildRules = (
			);
			dependencies = (
			);
			name = NXSendEmail;
			productName = NXSendEmail;
			productReference = D26F6D301E6938F900300E1C /* NXSendEmail.app */;
			productType = "com.apple.product-type.application";
		};
		D26F6D481E6938F900300E1C /* NXSendEmailTests */ = {
			isa = PBXNativeTarget;
			buildConfigurationList = D26F6D601E6938F900300E1C /* Build configuration list for PBXNativeTarget "NXSendEmailTests" */;
			buildPhases = (
				D26F6D451E6938F900300E1C /* Sources */,
				D26F6D461E6938F900300E1C /* Frameworks */,
				D26F6D471E6938F900300E1C /* Resources */,
			);
			buildRules = (
			);
			dependencies = (
				D26F6D4B1E6938F900300E1C /* PBXTargetDependency */,
			);
			name = NXSendEmailTests;
			productName = NXSendEmailTests;
			productReference = D26F6D491E6938F900300E1C /* NXSendEmailTests.xctest */;
			productType = "com.apple.product-type.bundle.unit-test";
		};
		D26F6D531E6938F900300E1C /* NXSendEmailUITests */ = {
			isa = PBXNativeTarget;
			buildConfigurationList = D26F6D631E6938F900300E1C /* Build configuration list for PBXNativeTarget "NXSendEmailUITests" */;
			buildPhases = (
				D26F6D501E6938F900300E1C /* Sources */,
				D26F6D511E6938F900300E1C /* Frameworks */,
				D26F6D521E6938F900300E1C /* Resources */,
			);
			buildRules = (
			);
			dependencies = (
				D26F6D561E6938F900300E1C /* PBXTargetDependency */,
			);
			name = NXSendEmailUITests;
			productName = NXSendEmailUITests;
			productReference = D26F6D541E6938F900300E1C /* NXSendEmailUITests.xctest */;
			productType = "com.apple.product-type.bundle.ui-testing";
		};
/* End PBXNativeTarget section */

/* Begin PBXProject section */
		D26F6D281E6938F900300E1C /* Project object */ = {
			isa = PBXProject;
			attributes = {
				LastUpgradeCheck = 0820;
				ORGANIZATIONNAME = NXAristotle;
				TargetAttributes = {
					D26F6D2F1E6938F900300E1C = {
						CreatedOnToolsVersion = 8.2.1;
						DevelopmentTeam = L6R48C9T9C;
						ProvisioningStyle = Automatic;
					};
					D26F6D481E6938F900300E1C = {
						CreatedOnToolsVersion = 8.2.1;
						ProvisioningStyle = Automatic;
						TestTargetID = D26F6D2F1E6938F900300E1C;
					};
					D26F6D531E6938F900300E1C = {
						CreatedOnToolsVersion = 8.2.1;
						ProvisioningStyle = Automatic;
						TestTargetID = D26F6D2F1E6938F900300E1C;
					};
				};
			};
			buildConfigurationList = D26F6D2B1E6938F900300E1C /* Build configuration list for PBXProject "NXSendEmail" */;
			compatibilityVersion = "Xcode 3.2";
			developmentRegion = English;
			hasScannedForEncodings = 0;
			knownRegions = (
				en,
				Base,
			);
			mainGroup = D26F6D271E6938F900300E1C;
			productRefGroup = D26F6D311E6938F900300E1C /* Products */;
			projectDirPath = "";
			projectRoot = "";
			targets = (
				D26F6D2F1E6938F900300E1C /* NXSendEmail */,
				D26F6D481E6938F900300E1C /* NXSendEmailTests */,
				D26F6D531E6938F900300E1C /* NXSendEmailUITests */,
			);
		};
/* End PBXProject section */

/* Begin PBXResourcesBuildPhase section */
		D26F6D2E1E6938F900300E1C /* Resources */ = {
			isa = PBXResourcesBuildPhase;
			buildActionMask = 2147483647;
			files = (
				D26F6D671E693C0600300E1C /* test.pdf in Resources */,
				D26F6D431E6938F900300E1C /* LaunchScreen.storyboard in Resources */,
				D26F6D401E6938F900300E1C /* Assets.xcassets in Resources */,
				D26F6D3E1E6938F900300E1C /* Main.storyboard in Resources */,
			);
			runOnlyForDeploymentPostprocessing = 0;
		};
		D26F6D471E6938F900300E1C /* Resources */ = {
			isa = PBXResourcesBuildPhase;
			buildActionMask = 2147483647;
			files = (
			);
			runOnlyForDeploymentPostprocessing = 0;
		};
		D26F6D521E6938F900300E1C /* Resources */ = {
			isa = PBXResourcesBuildPhase;
			buildActionMask = 2147483647;
			files = (
			);
			runOnlyForDeploymentPostprocessing = 0;
		};
/* End PBXResourcesBuildPhase section */

/* Begin PBXSourcesBuildPhase section */
		D26F6D2C1E6938F900300E1C /* Sources */ = {
			isa = PBXSourcesBuildPhase;
			buildActionMask = 2147483647;
			files = (
				D26F6D3B1E6938F900300E1C /* ViewController.m in Sources */,
				D26F6D381E6938F900300E1C /* AppDelegate.m in Sources */,
				D26F6D351E6938F900300E1C /* main.m in Sources */,
			);
			runOnlyForDeploymentPostprocessing = 0;
		};
		D26F6D451E6938F900300E1C /* Sources */ = {
			isa = PBXSourcesBuildPhase;
			buildActionMask = 2147483647;
			files = (
				D26F6D4E1E6938F900300E1C /* NXSendEmailTests.m in Sources */,
			);
			runOnlyForDeploymentPostprocessing = 0;
		};
		D26F6D501E6938F900300E1C /* Sources */ = {
			isa = PBXSourcesBuildPhase;
			buildActionMask = 2147483647;
			files = (
				D26F6D591E6938F900300E1C /* NXSendEmailUITests.m in Sources */,
			);
			runOnlyForDeploymentPostprocessing = 0;
		};
/* End PBXSourcesBuildPhase section */

/* Begin PBXTargetDependency section */
		D26F6D4B1E6938F900300E1C /* PBXTargetDependency */ = {
			isa = PBXTargetDependency;
			target = D26F6D2F1E6938F900300E1C /* NXSendEmail */;
			targetProxy = D26F6D4A1E6938F900300E1C /* PBXContainerItemProxy */;
		};
		D26F6D561E6938F900300E1C /* PBXTargetDependency */ = {
			isa = PBXTargetDependency;
			target = D26F6D2F1E6938F900300E1C /* NXSendEmail */;
			targetProxy = D26F6D551E6938F900300E1C /* PBXContainerItemProxy */;
		};
/* End PBXTargetDependency section */

/* Begin PBXVariantGroup section */
		D26F6D3C1E6938F900300E1C /* Main.storyboard */ = {
			isa = PBXVariantGroup;
			children = (
				D26F6D3D1E6938F900300E1C /* Base */,
			);
			name = Main.storyboard;
			sourceTree = "<group>";
		};
		D26F6D411E6938F900300E1C /* LaunchScreen.storyboard */ = {
			isa = PBXVariantGroup;
			children = (
				D26F6D421E6938F900300E1C /* Base */,
			);
			name = LaunchScreen.storyboard;
			sourceTree = "<group>";
		};
/* End PBXVariantGroup section */

/* Begin XCBuildConfiguration section */
		D26F6D5B1E6938F900300E1C /* Debug */ = {
			isa = XCBuildConfiguration;
			buildSettings = {
				ALWAYS_SEARCH_USER_PATHS = NO;
				CLANG_ANALYZER_NONNULL = YES;
				CLANG_CXX_LANGUAGE_STANDARD = "gnu++0x";
				CLANG_CXX_LIBRARY = "libc++";
				CLANG_ENABLE_MODULES = YES;
				CLANG_ENABLE_OBJC_ARC = YES;
				CLANG_WARN_BOOL_CONVERSION = YES;
				CLANG_WARN_CONSTANT_CONVERSION = YES;
				CLANG_WARN_DIRECT_OBJC_ISA_USAGE = YES_ERROR;
				CLANG_WARN_DOCUMENTATION_COMMENTS = YES;
				CLANG_WARN_EMPTY_BODY = YES;
				CLANG_WARN_ENUM_CONVERSION = YES;
				CLANG_WARN_INFINITE_RECURSION = YES;
				CLANG_WARN_INT_CONVERSION = YES;
				CLANG_WARN_OBJC_ROOT_CLASS = YES_ERROR;
				CLANG_WARN_SUSPICIOUS_MOVE = YES;
				CLANG_WARN_UNREACHABLE_CODE = YES;
				CLANG_WARN__DUPLICATE_METHOD_MATCH = YES;
				"CODE_SIGN_IDENTITY[sdk=iphoneos*]" = "iPhone Developer";
				COPY_PHASE_STRIP = NO;
				DEBUG_INFORMATION_FORMAT = dwarf;
				ENABLE_STRICT_OBJC_MSGSEND = YES;
				ENABLE_TESTABILITY = YES;
				GCC_C_LANGUAGE_STANDARD = gnu99;
				GCC_DYNAMIC_NO_PIC = NO;
				GCC_NO_COMMON_BLOCKS = YES;
				GCC_OPTIMIZATION_LEVEL = 0;
				GCC_PREPROCESSOR_DEFINITIONS = (
					"DEBUG=1",
					"$(inherited)",
				);
				GCC_WARN_64_TO_32_BIT_CONVERSION = YES;
				GCC_WARN_ABOUT_RETURN_TYPE = YES_ERROR;
				GCC_WARN_UNDECLARED_SELECTOR = YES;
				GCC_WARN_UNINITIALIZED_AUTOS = YES_AGGRESSIVE;
				GCC_WARN_UNUSED_FUNCTION = YES;
				GCC_WARN_UNUSED_VARIABLE = YES;
				IPHONEOS_DEPLOYMENT_TARGET = 10.2;
				MTL_ENABLE_DEBUG_INFO = YES;
				ONLY_ACTIVE_ARCH = YES;
				SDKROOT = iphoneos;
			};
			name = Debug;
		};
		D26F6D5C1E6938F900300E1C /* Release */ = {
			isa = XCBuildConfiguration;
			buildSettings = {
				ALWAYS_SEARCH_USER_PATHS = NO;
				CLANG_ANALYZER_NONNULL = YES;
				CLANG_CXX_LANGUAGE_STANDARD = "gnu++0x";
				CLANG_CXX_LIBRARY = "libc++";
				CLANG_ENABLE_MODULES = YES;
				CLANG_ENABLE_OBJC_ARC = YES;
				CLANG_WARN_BOOL_CONVERSION = YES;
				CLANG_WARN_CONSTANT_CONVERSION = YES;
				CLANG_WARN_DIRECT_OBJC_ISA_USAGE = YES_ERROR;
				CLANG_WARN_DOCUMENTATION_COMMENTS = YES;
				CLANG_WARN_EMPTY_BODY = YES;
				CLANG_WARN_ENUM_CONVERSION = YES;
				CLANG_WARN_INFINITE_RECURSION = YES;
				CLANG_WARN_INT_CONVERSION = YES;
				CLANG_WARN_OBJC_ROOT_CLASS = YES_ERROR;
				CLANG_WARN_SUSPICIOUS_MOVE = YES;
				CLANG_WARN_UNREACHABLE_CODE = YES;
				CLANG_WARN__DUPLICATE_METHOD_MATCH = YES;
				"CODE_SIGN_IDENTITY[sdk=iphoneos*]" = "iPhone Developer";
				COPY_PHASE_STRIP = NO;
				DEBUG_INFORMATION_FORMAT = "dwarf-with-dsym";
				ENABLE_NS_ASSERTIONS = NO;
				ENABLE_STRICT_OBJC_MSGSEND = YES;
				GCC_C_LANGUAGE_STANDARD = gnu99;
				GCC_NO_COMMON_BLOCKS = YES;
				GCC_WARN_64_TO_32_BIT_CONVERSION = YES;
				GCC_WARN_ABOUT_RETURN_TYPE = YES_ERROR;
				GCC_WARN_UNDECLARED_SELECTOR = YES;
				GCC_WARN_UNINITIALIZED_AUTOS = YES_AGGRESSIVE;
				GCC_WARN_UNUSED_FUNCTION = YES;
				GCC_WARN_UNUSED_VARIABLE = YES;
				IPHONEOS_DEPLOYMENT_TARGET = 10.2;
				MTL_ENABLE_DEBUG_INFO = NO;
				SDKROOT = iphoneos;
				VALIDATE_PRODUCT = YES;
			};
			name = Release;
		};
		D26F6D5E1E6938F900300E1C /* Debug */ = {
			isa = XCBuildConfiguration;
			buildSettings = {
				ASSETCATALOG_COMPILER_APPICON_NAME = AppIcon;
				DEVELOPMENT_TEAM = L6R48C9T9C;
				INFOPLIST_FILE = NXSendEmail/Info.plist;
				IPHONEOS_DEPLOYMENT_TARGET = 8.0;
				LD_RUNPATH_SEARCH_PATHS = "$(inherited) @executable_path/Frameworks";
				PRODUCT_BUNDLE_IDENTIFIER = com.xywy.SendEmail.NXSendEmail;
				PRODUCT_NAME = "$(TARGET_NAME)";
			};
			name = Debug;
		};
		D26F6D5F1E6938F900300E1C /* Release */ = {
			isa = XCBuildConfiguration;
			buildSettings = {
				ASSETCATALOG_COMPILER_APPICON_NAME = AppIcon;
				DEVELOPMENT_TEAM = L6R48C9T9C;
				INFOPLIST_FILE = NXSendEmail/Info.plist;
				IPHONEOS_DEPLOYMENT_TARGET = 8.0;
				LD_RUNPATH_SEARCH_PATHS = "$(inherited) @executable_path/Frameworks";
				PRODUCT_BUNDLE_IDENTIFIER = com.xywy.SendEmail.NXSendEmail;
				PRODUCT_NAME = "$(TARGET_NAME)";
			};
			name = Release;
		};
		D26F6D611E6938F900300E1C /* Debug */ = {
			isa = XCBuildConfiguration;
			buildSettings = {
				BUNDLE_LOADER = "$(TEST_HOST)";
				INFOPLIST_FILE = NXSendEmailTests/Info.plist;
				LD_RUNPATH_SEARCH_PATHS = "$(inherited) @executable_path/Frameworks @loader_path/Frameworks";
				PRODUCT_BUNDLE_IDENTIFIER = com.xywy.SendEmail.NXSendEmailTests;
				PRODUCT_NAME = "$(TARGET_NAME)";
				TEST_HOST = "$(BUILT_PRODUCTS_DIR)/NXSendEmail.app/NXSendEmail";
			};
			name = Debug;
		};
		D26F6D621E6938F900300E1C /* Release */ = {
			isa = XCBuildConfiguration;
			buildSettings = {
				BUNDLE_LOADER = "$(TEST_HOST)";
				INFOPLIST_FILE = NXSendEmailTests/Info.plist;
				LD_RUNPATH_SEARCH_PATHS = "$(inherited) @executable_path/Frameworks @loader_path/Frameworks";
				PRODUCT_BUNDLE_IDENTIFIER = com.xywy.SendEmail.NXSendEmailTests;
				PRODUCT_NAME = "$(TARGET_NAME)";
				TEST_HOST = "$(BUILT_PRODUCTS_DIR)/NXSendEmail.app/NXSendEmail";
			};
			name = Release;
		};
		D26F6D641E6938F900300E1C /* Debug */ = {
			isa = XCBuildConfiguration;
			buildSettings = {
				INFOPLIST_FILE = NXSendEmailUITests/Info.plist;
				LD_RUNPATH_SEARCH_PATHS = "$(inherited) @executable_path/Frameworks @loader_path/Frameworks";
				PRODUCT_BUNDLE_IDENTIFIER = com.xywy.SendEmail.NXSendEmailUITests;
				PRODUCT_NAME = "$(TARGET_NAME)";
				TEST_TARGET_NAME = NXSendEmail;
			};
			name = Debug;
		};
		D26F6D651E6938F900300E1C /* Release */ = {
			isa = XCBuildConfiguration;
			buildSettings = {
				INFOPLIST_FILE = NXSendEmailUITests/Info.plist;
				LD_RUNPATH_SEARCH_PATHS = "$(inherited) @executable_path/Frameworks @loader_path/Frameworks";
				PRODUCT_BUNDLE_IDENTIFIER = com.xywy.SendEmail.NXSendEmailUITests;
				PRODUCT_NAME = "$(TARGET_NAME)";
				TEST_TARGET_NAME = NXSendEmail;
			};
			name = Release;
		};
/* End XCBuildConfiguration section */

/* Begin XCConfigurationList section */
		D26F6D2B1E6938F900300E1C /* Build configuration list for PBXProject "NXSendEmail" */ = {
			isa = XCConfigurationList;
			buildConfigurations = (
				D26F6D5B1E6938F900300E1C /* Debug */,
				D26F6D5C1E6938F900300E1C /* Release */,
			);
			defaultConfigurationIsVisible = 0;
			defaultConfigurationName = Release;
		};
		D26F6D5D1E6938F900300E1C /* Build configuration list for PBXNativeTarget "NXSendEmail" */ = {
			isa = XCConfigurationList;
			buildConfigurations = (
				D26F6D5E1E6938F900300E1C /* Debug */,
				D26F6D5F1E6938F900300E1C /* Release */,
			);
			defaultConfigurationIsVisible = 0;
		};
		D26F6D601E6938F900300E1C /* Build configuration list for PBXNativeTarget "NXSendEmailTests" */ = {
			isa = XCConfigurationList;
			buildConfigurations = (
				D26F6D611E6938F900300E1C /* Debug */,
				D26F6D621E6938F900300E1C /* Release */,
			);
			defaultConfigurationIsVisible = 0;
		};
		D26F6D631E6938F900300E1C /* Build configuration list for PBXNativeTarget "NXSendEmailUITests" */ = {
			isa = XCConfigurationList;
			buildConfigurations = (
				D26F6D641E6938F900300E1C /* Debug */,
				D26F6D651E6938F900300E1C /* Release */,
			);
			defaultConfigurationIsVisible = 0;
		};
/* End XCConfigurationList section */
	};
	rootObject = D26F6D281E6938F900300E1C /* Project object */;
}
